
Microsoft Visual Studio Solution File, Format Version 12.00
# Visual Studio Version 16
VisualStudioVersion = 16.0.29102.190
MinimumVisualStudioVersion = 10.0.40219.1
Project("{FAE04EC0-301F-11D3-BF4B-00C04F79EFBC}") = "Windows Text Search", "Windows Text Search.csproj", "{AF033711-DD69-411C-8465-8D37C093BDCD}"
EndProject
Global
	GlobalSection(SolutionConfigurationPlatforms) = preSolution
		Debug|Any CPU = Debug|Any CPU
		Release|Any CPU = Release|Any CPU
	EndGlobalSection
	GlobalSection(ProjectConfigurationPlatforms) = postSolution
		{AF033711-DD69-411C-8465-8D37C093BDCD}.Debug|Any CPU.ActiveCfg = Debug|Any CPU
		{AF033711-DD69-411C-8465-8D37C093BDCD}.Debug|Any CPU.Build.0 = Debug|Any CPU
		{AF033711-DD69-411C-8465-8D37C093BDCD}.Release|Any CPU.ActiveCfg = Release|Any CPU
		{AF033711-DD69-411C-8465-8D37C093BDCD}.Release|Any CPU.Build.0 = Release|Any CPU
	EndGlobalSection
	GlobalSection(SolutionProperties) = preSolution
		HideSolutionNode = FALSE
	EndGlobalSection
	GlobalSection(ExtensibilityGlobals) = postSolution
		SolutionGuid = {9F3B6886-1EB3-4BF0-B7DF-A8D44E0FFACC}
	EndGlobalSection
EndGlobal
